
Microsoft Visual Studio Solution File, Format Version 12.00
# Visual Studio 2012
Project("{FAE04EC0-301F-11D3-BF4B-00C04F79EFBC}") = "PhanMemQuanLiVanBan", "PhanMemQuanLiVanBan\PhanMemQuanLiVanBan.csproj", "{158548FF-9FC2-4C94-9BA4-ABC94EF45DAA}"
EndProject
Project("{FAE04EC0-301F-11D3-BF4B-00C04F79EFBC}") = "MyTools", "MyTools\MyTools.csproj", "{79D38C0C-E942-42D8-B874-2AED06E1BAE8}"
EndProject
Global
	GlobalSection(SolutionConfigurationPlatforms) = preSolution
		Debug|Any CPU = Debug|Any CPU
		Release|Any CPU = Release|Any CPU
	EndGlobalSection
	GlobalSection(ProjectConfigurationPlatforms) = postSolution
		{158548FF-9FC2-4C94-9BA4-ABC94EF45DAA}.Debug|Any CPU.ActiveCfg = Debug|Any CPU
		{158548FF-9FC2-4C94-9BA4-ABC94EF45DAA}.Debug|Any CPU.Build.0 = Debug|Any CPU
		{158548FF-9FC2-4C94-9BA4-ABC94EF45DAA}.Release|Any CPU.ActiveCfg = Release|Any CPU
		{158548FF-9FC2-4C94-9BA4-ABC94EF45DAA}.Release|Any CPU.Build.0 = Release|Any CPU
		{79D38C0C-E942-42D8-B874-2AED06E1BAE8}.Debug|Any CPU.ActiveCfg = Debug|Any CPU
		{79D38C0C-E942-42D8-B874-2AED06E1BAE8}.Debug|Any CPU.Build.0 = Debug|Any CPU
		{79D38C0C-E942-42D8-B874-2AED06E1BAE8}.Release|Any CPU.ActiveCfg = Release|Any CPU
		{79D38C0C-E942-42D8-B874-2AED06E1BAE8}.Release|Any CPU.Build.0 = Release|Any CPU
	EndGlobalSection
	GlobalSection(SolutionProperties) = preSolution
		HideSolutionNode = FALSE
	EndGlobalSection
EndGlobal
