
Microsoft Visual Studio Solution File, Format Version 12.00
# Visual Studio 2012
Project("{FAE04EC0-301F-11D3-BF4B-00C04F79EFBC}") = "PhanMemQuanLiVanBan", "PhanMemQuanLiVanBan\PhanMemQuanLiVanBan.csproj", "{158548FF-9FC2-4C94-9BA4-ABC94EF45DAA}"
EndProject
Project("{FAE04EC0-301F-11D3-BF4B-00C04F79EFBC}") = "DAL", "DAL\DAL.csproj", "{5C3A9945-CE96-405E-B1DB-FD875DC4D1A0}"
EndProject
Project("{FAE04EC0-301F-11D3-BF4B-00C04F79EFBC}") = "BLL", "BLL\BLL.csproj", "{A1C2DA49-59EA-41C7-B42D-56340DA3DCCA}"
EndProject
Project("{FAE04EC0-301F-11D3-BF4B-00C04F79EFBC}") = "MyTools", "MyTools\MyTools.csproj", "{79D38C0C-E942-42D8-B874-2AED06E1BAE8}"
EndProject
Project("{6141683F-8A12-4E36-9623-2EB02B2C2303}") = "Setup1", "Setup1\Setup1.isproj", "{6C54DE1A-92C3-4E00-8673-AB7EB68FBC2C}"
	ProjectSection(ProjectDependencies) = postProject
		{158548FF-9FC2-4C94-9BA4-ABC94EF45DAA} = {158548FF-9FC2-4C94-9BA4-ABC94EF45DAA}
	EndProjectSection
EndProject
Global
	GlobalSection(SolutionConfigurationPlatforms) = preSolution
		All|Any CPU = All|Any CPU
		CD_ROM|Any CPU = CD_ROM|Any CPU
		Debug|Any CPU = Debug|Any CPU
		DVD-5|Any CPU = DVD-5|Any CPU
		Release|Any CPU = Release|Any CPU
		SingleImage|Any CPU = SingleImage|Any CPU
	EndGlobalSection
	GlobalSection(ProjectConfigurationPlatforms) = postSolution
		{158548FF-9FC2-4C94-9BA4-ABC94EF45DAA}.All|Any CPU.ActiveCfg = Release|Any CPU
		{158548FF-9FC2-4C94-9BA4-ABC94EF45DAA}.All|Any CPU.Build.0 = Release|Any CPU
		{158548FF-9FC2-4C94-9BA4-ABC94EF45DAA}.CD_ROM|Any CPU.ActiveCfg = Debug|Any CPU
		{158548FF-9FC2-4C94-9BA4-ABC94EF45DAA}.CD_ROM|Any CPU.Build.0 = Debug|Any CPU
		{158548FF-9FC2-4C94-9BA4-ABC94EF45DAA}.Debug|Any CPU.ActiveCfg = Debug|Any CPU
		{158548FF-9FC2-4C94-9BA4-ABC94EF45DAA}.Debug|Any CPU.Build.0 = Debug|Any CPU
		{158548FF-9FC2-4C94-9BA4-ABC94EF45DAA}.DVD-5|Any CPU.ActiveCfg = Debug|Any CPU
		{158548FF-9FC2-4C94-9BA4-ABC94EF45DAA}.DVD-5|Any CPU.Build.0 = Debug|Any CPU
		{158548FF-9FC2-4C94-9BA4-ABC94EF45DAA}.Release|Any CPU.ActiveCfg = Release|Any CPU
		{158548FF-9FC2-4C94-9BA4-ABC94EF45DAA}.Release|Any CPU.Build.0 = Release|Any CPU
		{158548FF-9FC2-4C94-9BA4-ABC94EF45DAA}.SingleImage|Any CPU.ActiveCfg = Debug|Any CPU
		{158548FF-9FC2-4C94-9BA4-ABC94EF45DAA}.SingleImage|Any CPU.Build.0 = Debug|Any CPU
		{5C3A9945-CE96-405E-B1DB-FD875DC4D1A0}.All|Any CPU.ActiveCfg = Release|Any CPU
		{5C3A9945-CE96-405E-B1DB-FD875DC4D1A0}.All|Any CPU.Build.0 = Release|Any CPU
		{5C3A9945-CE96-405E-B1DB-FD875DC4D1A0}.CD_ROM|Any CPU.ActiveCfg = Debug|Any CPU
		{5C3A9945-CE96-405E-B1DB-FD875DC4D1A0}.CD_ROM|Any CPU.Build.0 = Debug|Any CPU
		{5C3A9945-CE96-405E-B1DB-FD875DC4D1A0}.Debug|Any CPU.ActiveCfg = Debug|Any CPU
		{5C3A9945-CE96-405E-B1DB-FD875DC4D1A0}.Debug|Any CPU.Build.0 = Debug|Any CPU
		{5C3A9945-CE96-405E-B1DB-FD875DC4D1A0}.DVD-5|Any CPU.ActiveCfg = Debug|Any CPU
		{5C3A9945-CE96-405E-B1DB-FD875DC4D1A0}.DVD-5|Any CPU.Build.0 = Debug|Any CPU
		{5C3A9945-CE96-405E-B1DB-FD875DC4D1A0}.Release|Any CPU.ActiveCfg = Release|Any CPU
		{5C3A9945-CE96-405E-B1DB-FD875DC4D1A0}.Release|Any CPU.Build.0 = Release|Any CPU
		{5C3A9945-CE96-405E-B1DB-FD875DC4D1A0}.SingleImage|Any CPU.ActiveCfg = Debug|Any CPU
		{5C3A9945-CE96-405E-B1DB-FD875DC4D1A0}.SingleImage|Any CPU.Build.0 = Debug|Any CPU
		{A1C2DA49-59EA-41C7-B42D-56340DA3DCCA}.All|Any CPU.ActiveCfg = Release|Any CPU
		{A1C2DA49-59EA-41C7-B42D-56340DA3DCCA}.All|Any CPU.Build.0 = Release|Any CPU
		{A1C2DA49-59EA-41C7-B42D-56340DA3DCCA}.CD_ROM|Any CPU.ActiveCfg = Debug|Any CPU
		{A1C2DA49-59EA-41C7-B42D-56340DA3DCCA}.CD_ROM|Any CPU.Build.0 = Debug|Any CPU
		{A1C2DA49-59EA-41C7-B42D-56340DA3DCCA}.Debug|Any CPU.ActiveCfg = Debug|Any CPU
		{A1C2DA49-59EA-41C7-B42D-56340DA3DCCA}.Debug|Any CPU.Build.0 = Debug|Any CPU
		{A1C2DA49-59EA-41C7-B42D-56340DA3DCCA}.DVD-5|Any CPU.ActiveCfg = Debug|Any CPU
		{A1C2DA49-59EA-41C7-B42D-56340DA3DCCA}.DVD-5|Any CPU.Build.0 = Debug|Any CPU
		{A1C2DA49-59EA-41C7-B42D-56340DA3DCCA}.Release|Any CPU.ActiveCfg = Release|Any CPU
		{A1C2DA49-59EA-41C7-B42D-56340DA3DCCA}.Release|Any CPU.Build.0 = Release|Any CPU
		{A1C2DA49-59EA-41C7-B42D-56340DA3DCCA}.SingleImage|Any CPU.ActiveCfg = Debug|Any CPU
		{A1C2DA49-59EA-41C7-B42D-56340DA3DCCA}.SingleImage|Any CPU.Build.0 = Debug|Any CPU
		{79D38C0C-E942-42D8-B874-2AED06E1BAE8}.All|Any CPU.ActiveCfg = Release|Any CPU
		{79D38C0C-E942-42D8-B874-2AED06E1BAE8}.All|Any CPU.Build.0 = Release|Any CPU
		{79D38C0C-E942-42D8-B874-2AED06E1BAE8}.CD_ROM|Any CPU.ActiveCfg = Debug|Any CPU
		{79D38C0C-E942-42D8-B874-2AED06E1BAE8}.CD_ROM|Any CPU.Build.0 = Debug|Any CPU
		{79D38C0C-E942-42D8-B874-2AED06E1BAE8}.Debug|Any CPU.ActiveCfg = Debug|Any CPU
		{79D38C0C-E942-42D8-B874-2AED06E1BAE8}.Debug|Any CPU.Build.0 = Debug|Any CPU
		{79D38C0C-E942-42D8-B874-2AED06E1BAE8}.DVD-5|Any CPU.ActiveCfg = Debug|Any CPU
		{79D38C0C-E942-42D8-B874-2AED06E1BAE8}.DVD-5|Any CPU.Build.0 = Debug|Any CPU
		{79D38C0C-E942-42D8-B874-2AED06E1BAE8}.Release|Any CPU.ActiveCfg = Release|Any CPU
		{79D38C0C-E942-42D8-B874-2AED06E1BAE8}.Release|Any CPU.Build.0 = Release|Any CPU
		{79D38C0C-E942-42D8-B874-2AED06E1BAE8}.SingleImage|Any CPU.ActiveCfg = Debug|Any CPU
		{79D38C0C-E942-42D8-B874-2AED06E1BAE8}.SingleImage|Any CPU.Build.0 = Debug|Any CPU
		{6C54DE1A-92C3-4E00-8673-AB7EB68FBC2C}.All|Any CPU.ActiveCfg = SingleImage
		{6C54DE1A-92C3-4E00-8673-AB7EB68FBC2C}.All|Any CPU.Build.0 = SingleImage
		{6C54DE1A-92C3-4E00-8673-AB7EB68FBC2C}.CD_ROM|Any CPU.ActiveCfg = CD_ROM
		{6C54DE1A-92C3-4E00-8673-AB7EB68FBC2C}.CD_ROM|Any CPU.Build.0 = CD_ROM
		{6C54DE1A-92C3-4E00-8673-AB7EB68FBC2C}.Debug|Any CPU.ActiveCfg = DVD-5
		{6C54DE1A-92C3-4E00-8673-AB7EB68FBC2C}.Debug|Any CPU.Build.0 = DVD-5
		{6C54DE1A-92C3-4E00-8673-AB7EB68FBC2C}.DVD-5|Any CPU.ActiveCfg = DVD-5
		{6C54DE1A-92C3-4E00-8673-AB7EB68FBC2C}.DVD-5|Any CPU.Build.0 = DVD-5
		{6C54DE1A-92C3-4E00-8673-AB7EB68FBC2C}.Release|Any CPU.ActiveCfg = SingleImage
		{6C54DE1A-92C3-4E00-8673-AB7EB68FBC2C}.Release|Any CPU.Build.0 = SingleImage
		{6C54DE1A-92C3-4E00-8673-AB7EB68FBC2C}.SingleImage|Any CPU.ActiveCfg = SingleImage
		{6C54DE1A-92C3-4E00-8673-AB7EB68FBC2C}.SingleImage|Any CPU.Build.0 = SingleImage
	EndGlobalSection
	GlobalSection(SolutionProperties) = preSolution
		HideSolutionNode = FALSE
	EndGlobalSection
EndGlobal
